
Microsoft Visual Studio Solution File, Format Version 12.00
# Visual Studio Version 16
VisualStudioVersion = 16.0.28315.86
MinimumVisualStudioVersion = 10.0.40219.1
Project("{FAE04EC0-301F-11D3-BF4B-00C04F79EFBC}") = "WebGather", "WebGather\WebGather.csproj", "{24D33203-530C-405B-ACCD-6B086313327F}"
EndProject
Project("{FAE04EC0-301F-11D3-BF4B-00C04F79EFBC}") = "TestConsole", "TestConsole\TestConsole.csproj", "{BD909ECA-9A35-495B-B9A8-C4519D160223}"
EndProject
Global
	GlobalSection(SolutionConfigurationPlatforms) = preSolution
		Debug|Any CPU = Debug|Any CPU
		Release|Any CPU = Release|Any CPU
	EndGlobalSection
	GlobalSection(ProjectConfigurationPlatforms) = postSolution
		{24D33203-530C-405B-ACCD-6B086313327F}.Debug|Any CPU.ActiveCfg = Debug|Any CPU
		{24D33203-530C-405B-ACCD-6B086313327F}.Debug|Any CPU.Build.0 = Debug|Any CPU
		{24D33203-530C-405B-ACCD-6B086313327F}.Release|Any CPU.ActiveCfg = Release|Any CPU
		{24D33203-530C-405B-ACCD-6B086313327F}.Release|Any CPU.Build.0 = Release|Any CPU
		{BD909ECA-9A35-495B-B9A8-C4519D160223}.Debug|Any CPU.ActiveCfg = Debug|Any CPU
		{BD909ECA-9A35-495B-B9A8-C4519D160223}.Debug|Any CPU.Build.0 = Debug|Any CPU
		{BD909ECA-9A35-495B-B9A8-C4519D160223}.Release|Any CPU.ActiveCfg = Release|Any CPU
		{BD909ECA-9A35-495B-B9A8-C4519D160223}.Release|Any CPU.Build.0 = Release|Any CPU
	EndGlobalSection
	GlobalSection(SolutionProperties) = preSolution
		HideSolutionNode = FALSE
	EndGlobalSection
	GlobalSection(ExtensibilityGlobals) = postSolution
		SolutionGuid = {C5438B60-A7CA-4612-A127-E7A664AB87F1}
	EndGlobalSection
EndGlobal
